// !$*UTF8*$!
{
	archiveVersion = 1;
	classes = {
	};
	objectVersion = 55;
	objects = {

/* Begin PBXBuildFile section */
		A204E0DC29807BD100D48488 /* TimeDetailView.swift in Sources */ = {isa = PBXBuildFile; fileRef = A204E0DB29807BD100D48488 /* TimeDetailView.swift */; };
		A212D51B289411F6006A7E38 /* DaisyView.swift in Sources */ = {isa = PBXBuildFile; fileRef = A212D51A289411F6006A7E38 /* DaisyView.swift */; };
		A216C69D29C8F2A400EF1B28 /* URLRequest+ImageGeneration.swift in Sources */ = {isa = PBXBuildFile; fileRef = A216C69C29C8F2A400EF1B28 /* URLRequest+ImageGeneration.swift */; };
		A22ED8FE2953A86E0088D4C2 /* DaisyButtonStyle.swift in Sources */ = {isa = PBXBuildFile; fileRef = A22ED8FD2953A86E0088D4C2 /* DaisyButtonStyle.swift */; };
		A22ED9092953F1950088D4C2 /* Source.swift in Sources */ = {isa = PBXBuildFile; fileRef = A22ED9082953F1950088D4C2 /* Source.swift */; };
		A22ED90C2953F2950088D4C2 /* Color+Hex.swift in Sources */ = {isa = PBXBuildFile; fileRef = A22ED90B2953F2950088D4C2 /* Color+Hex.swift */; };
		A236EB3C28FB5CC30033858B /* EditDaisyView.swift in Sources */ = {isa = PBXBuildFile; fileRef = A236EB3B28FB5CC30033858B /* EditDaisyView.swift */; };
		A247732629C3A0AE009D0431 /* View+Animation.swift in Sources */ = {isa = PBXBuildFile; fileRef = A247732529C3A0AE009D0431 /* View+Animation.swift */; };
		A247732829C3AC89009D0431 /* DaisySpinner.swift in Sources */ = {isa = PBXBuildFile; fileRef = A247732729C3AC89009D0431 /* DaisySpinner.swift */; };
		A247732A29C3B43A009D0431 /* Color+Luminance.swift in Sources */ = {isa = PBXBuildFile; fileRef = A247732929C3B43A009D0431 /* Color+Luminance.swift */; };
		A247732C29C3BD1E009D0431 /* APIKey.swift in Sources */ = {isa = PBXBuildFile; fileRef = A247732B29C3BD1E009D0431 /* APIKey.swift */; };
		A24795DF294BFD39002F791C /* PetalView.swift in Sources */ = {isa = PBXBuildFile; fileRef = A24795DE294BFD39002F791C /* PetalView.swift */; };
		A24795E5294C253B002F791C /* DaisyIcon.swift in Sources */ = {isa = PBXBuildFile; fileRef = A24795E4294C253B002F791C /* DaisyIcon.swift */; };
		A25E1001291C48BF00439BF4 /* PaddingModifier.swift in Sources */ = {isa = PBXBuildFile; fileRef = A25E1000291C48BF00439BF4 /* PaddingModifier.swift */; };
		A26D951429C009C100E518FD /* ImageGeneratorView.swift in Sources */ = {isa = PBXBuildFile; fileRef = A26D951329C009C100E518FD /* ImageGeneratorView.swift */; };
		A26D951629C0100800E518FD /* Image+Data.swift in Sources */ = {isa = PBXBuildFile; fileRef = A26D951529C0100800E518FD /* Image+Data.swift */; };
		A26D951829C0118B00E518FD /* Daisy+Preview.swift in Sources */ = {isa = PBXBuildFile; fileRef = A26D951729C0118B00E518FD /* Daisy+Preview.swift */; };
		A26D951B29C0B69F00E518FD /* ImageGenerationClient.swift in Sources */ = {isa = PBXBuildFile; fileRef = A26D951A29C0B69F00E518FD /* ImageGenerationClient.swift */; };
		A2A3681828F79FB000C2AD02 /* SymbolPicker in Frameworks */ = {isa = PBXBuildFile; productRef = A2A3681728F79FB000C2AD02 /* SymbolPicker */; };
		A2A3681A28F7A28B00C2AD02 /* View+If.swift in Sources */ = {isa = PBXBuildFile; fileRef = A2A3681928F7A28B00C2AD02 /* View+If.swift */; };
		A2B9C2712881F68B00506E32 /* DaisyApp.swift in Sources */ = {isa = PBXBuildFile; fileRef = A2B9C2612881F68A00506E32 /* DaisyApp.swift */; };
		A2B9C2732881F68B00506E32 /* ListView.swift in Sources */ = {isa = PBXBuildFile; fileRef = A2B9C2622881F68A00506E32 /* ListView.swift */; };
		A2B9C2752881F68B00506E32 /* Assets.xcassets in Resources */ = {isa = PBXBuildFile; fileRef = A2B9C2632881F68B00506E32 /* Assets.xcassets */; };
		A2B9C2812881FA1500506E32 /* ComposableArchitecture in Frameworks */ = {isa = PBXBuildFile; productRef = A2B9C2802881FA1500506E32 /* ComposableArchitecture */; };
		A2DBF8B22968D01F00818E55 /* DaisyCapsuleModifier.swift in Sources */ = {isa = PBXBuildFile; fileRef = A2DBF8B12968D01F00818E55 /* DaisyCapsuleModifier.swift */; };
		A2EA926828F0B3D8002BA01E /* Date+Helpers.swift in Sources */ = {isa = PBXBuildFile; fileRef = A2EA926728F0B3D8002BA01E /* Date+Helpers.swift */; };
/* End PBXBuildFile section */

/* Begin PBXFileReference section */
		A204E0DB29807BD100D48488 /* TimeDetailView.swift */ = {isa = PBXFileReference; lastKnownFileType = sourcecode.swift; path = TimeDetailView.swift; sourceTree = "<group>"; };
		A212D51A289411F6006A7E38 /* DaisyView.swift */ = {isa = PBXFileReference; lastKnownFileType = sourcecode.swift; path = DaisyView.swift; sourceTree = "<group>"; };
		A216C69C29C8F2A400EF1B28 /* URLRequest+ImageGeneration.swift */ = {isa = PBXFileReference; lastKnownFileType = sourcecode.swift; path = "URLRequest+ImageGeneration.swift"; sourceTree = "<group>"; };
		A22ED8FD2953A86E0088D4C2 /* DaisyButtonStyle.swift */ = {isa = PBXFileReference; lastKnownFileType = sourcecode.swift; path = DaisyButtonStyle.swift; sourceTree = "<group>"; };
		A22ED9082953F1950088D4C2 /* Source.swift */ = {isa = PBXFileReference; lastKnownFileType = sourcecode.swift; path = Source.swift; sourceTree = "<group>"; };
		A22ED90B2953F2950088D4C2 /* Color+Hex.swift */ = {isa = PBXFileReference; lastKnownFileType = sourcecode.swift; path = "Color+Hex.swift"; sourceTree = "<group>"; };
		A236EB3B28FB5CC30033858B /* EditDaisyView.swift */ = {isa = PBXFileReference; lastKnownFileType = sourcecode.swift; path = EditDaisyView.swift; sourceTree = "<group>"; };
		A247732529C3A0AE009D0431 /* View+Animation.swift */ = {isa = PBXFileReference; lastKnownFileType = sourcecode.swift; path = "View+Animation.swift"; sourceTree = "<group>"; };
		A247732729C3AC89009D0431 /* DaisySpinner.swift */ = {isa = PBXFileReference; lastKnownFileType = sourcecode.swift; path = DaisySpinner.swift; sourceTree = "<group>"; };
		A247732929C3B43A009D0431 /* Color+Luminance.swift */ = {isa = PBXFileReference; lastKnownFileType = sourcecode.swift; path = "Color+Luminance.swift"; sourceTree = "<group>"; };
		A247732B29C3BD1E009D0431 /* APIKey.swift */ = {isa = PBXFileReference; lastKnownFileType = sourcecode.swift; path = APIKey.swift; sourceTree = "<group>"; };
		A24795DE294BFD39002F791C /* PetalView.swift */ = {isa = PBXFileReference; lastKnownFileType = sourcecode.swift; path = PetalView.swift; sourceTree = "<group>"; };
		A24795E4294C253B002F791C /* DaisyIcon.swift */ = {isa = PBXFileReference; lastKnownFileType = sourcecode.swift; path = DaisyIcon.swift; sourceTree = "<group>"; };
		A25E1000291C48BF00439BF4 /* PaddingModifier.swift */ = {isa = PBXFileReference; lastKnownFileType = sourcecode.swift; path = PaddingModifier.swift; sourceTree = "<group>"; };
		A26D951329C009C100E518FD /* ImageGeneratorView.swift */ = {isa = PBXFileReference; lastKnownFileType = sourcecode.swift; path = ImageGeneratorView.swift; sourceTree = "<group>"; };
		A26D951529C0100800E518FD /* Image+Data.swift */ = {isa = PBXFileReference; lastKnownFileType = sourcecode.swift; path = "Image+Data.swift"; sourceTree = "<group>"; };
		A26D951729C0118B00E518FD /* Daisy+Preview.swift */ = {isa = PBXFileReference; lastKnownFileType = sourcecode.swift; path = "Daisy+Preview.swift"; sourceTree = "<group>"; };
		A26D951A29C0B69F00E518FD /* ImageGenerationClient.swift */ = {isa = PBXFileReference; lastKnownFileType = sourcecode.swift; path = ImageGenerationClient.swift; sourceTree = "<group>"; };
		A2A3681928F7A28B00C2AD02 /* View+If.swift */ = {isa = PBXFileReference; lastKnownFileType = sourcecode.swift; path = "View+If.swift"; sourceTree = "<group>"; };
		A2B9C2612881F68A00506E32 /* DaisyApp.swift */ = {isa = PBXFileReference; lastKnownFileType = sourcecode.swift; path = DaisyApp.swift; sourceTree = "<group>"; };
		A2B9C2622881F68A00506E32 /* ListView.swift */ = {isa = PBXFileReference; lastKnownFileType = sourcecode.swift; path = ListView.swift; sourceTree = "<group>"; };
		A2B9C2632881F68B00506E32 /* Assets.xcassets */ = {isa = PBXFileReference; lastKnownFileType = folder.assetcatalog; path = Assets.xcassets; sourceTree = "<group>"; };
		A2B9C2682881F68B00506E32 /* Daisy.app */ = {isa = PBXFileReference; explicitFileType = wrapper.application; includeInIndex = 0; path = Daisy.app; sourceTree = BUILT_PRODUCTS_DIR; };
		A2DBF8B12968D01F00818E55 /* DaisyCapsuleModifier.swift */ = {isa = PBXFileReference; lastKnownFileType = sourcecode.swift; path = DaisyCapsuleModifier.swift; sourceTree = "<group>"; };
		A2EA926728F0B3D8002BA01E /* Date+Helpers.swift */ = {isa = PBXFileReference; lastKnownFileType = sourcecode.swift; path = "Date+Helpers.swift"; sourceTree = "<group>"; };
/* End PBXFileReference section */

/* Begin PBXFrameworksBuildPhase section */
		A2B9C2652881F68B00506E32 /* Frameworks */ = {
			isa = PBXFrameworksBuildPhase;
			buildActionMask = 2147483647;
			files = (
				A2A3681828F79FB000C2AD02 /* SymbolPicker in Frameworks */,
				A2B9C2812881FA1500506E32 /* ComposableArchitecture in Frameworks */,
			);
			runOnlyForDeploymentPostprocessing = 0;
		};
/* End PBXFrameworksBuildPhase section */

/* Begin PBXGroup section */
		A24795D4294BF562002F791C /* Icon */ = {
			isa = PBXGroup;
			children = (
				A24795DE294BFD39002F791C /* PetalView.swift */,
				A24795E4294C253B002F791C /* DaisyIcon.swift */,
				A247732729C3AC89009D0431 /* DaisySpinner.swift */,
			);
			path = Icon;
			sourceTree = "<group>";
		};
		A25E0FFF291C48AC00439BF4 /* SwiftUI */ = {
			isa = PBXGroup;
			children = (
				A22ED8FD2953A86E0088D4C2 /* DaisyButtonStyle.swift */,
				A2DBF8B12968D01F00818E55 /* DaisyCapsuleModifier.swift */,
				A25E1000291C48BF00439BF4 /* PaddingModifier.swift */,
			);
			path = SwiftUI;
			sourceTree = "<group>";
		};
		A26D951929C0B68A00E518FD /* Clients */ = {
			isa = PBXGroup;
			children = (
				A26D951A29C0B69F00E518FD /* ImageGenerationClient.swift */,
				A216C69C29C8F2A400EF1B28 /* URLRequest+ImageGeneration.swift */,
				A247732B29C3BD1E009D0431 /* APIKey.swift */,
			);
			path = Clients;
			sourceTree = "<group>";
		};
		A2B9C25B2881F68A00506E32 = {
			isa = PBXGroup;
			children = (
				A26D951929C0B68A00E518FD /* Clients */,
				A24795D4294BF562002F791C /* Icon */,
				A25E0FFF291C48AC00439BF4 /* SwiftUI */,
				A2EA926628F0B3C0002BA01E /* Extensions */,
				A2B9C2612881F68A00506E32 /* DaisyApp.swift */,
				A2D881B62954C7BC001ABB6E /* Views */,
				A22ED9082953F1950088D4C2 /* Source.swift */,
				A2B9C2632881F68B00506E32 /* Assets.xcassets */,
				A2B9C2692881F68B00506E32 /* Products */,
			);
			sourceTree = "<group>";
		};
		A2B9C2692881F68B00506E32 /* Products */ = {
			isa = PBXGroup;
			children = (
				A2B9C2682881F68B00506E32 /* Daisy.app */,
			);
			name = Products;
			sourceTree = "<group>";
		};
		A2D881B62954C7BC001ABB6E /* Views */ = {
			isa = PBXGroup;
			children = (
				A2B9C2622881F68A00506E32 /* ListView.swift */,
				A212D51A289411F6006A7E38 /* DaisyView.swift */,
				A236EB3B28FB5CC30033858B /* EditDaisyView.swift */,
				A26D951329C009C100E518FD /* ImageGeneratorView.swift */,
				A204E0DB29807BD100D48488 /* TimeDetailView.swift */,
			);
			path = Views;
			sourceTree = "<group>";
		};
		A2EA926628F0B3C0002BA01E /* Extensions */ = {
			isa = PBXGroup;
			children = (
				A22ED90B2953F2950088D4C2 /* Color+Hex.swift */,
				A247732929C3B43A009D0431 /* Color+Luminance.swift */,
				A247732529C3A0AE009D0431 /* View+Animation.swift */,
				A2EA926728F0B3D8002BA01E /* Date+Helpers.swift */,
				A2A3681928F7A28B00C2AD02 /* View+If.swift */,
				A26D951529C0100800E518FD /* Image+Data.swift */,
				A26D951729C0118B00E518FD /* Daisy+Preview.swift */,
			);
			path = Extensions;
			sourceTree = "<group>";
		};
/* End PBXGroup section */

/* Begin PBXNativeTarget section */
		A2B9C2672881F68B00506E32 /* Daisy (iOS) */ = {
			isa = PBXNativeTarget;
			buildConfigurationList = A2B9C2792881F68B00506E32 /* Build configuration list for PBXNativeTarget "Daisy (iOS)" */;
			buildPhases = (
				A2B9C2642881F68B00506E32 /* Sources */,
				A2B9C2652881F68B00506E32 /* Frameworks */,
				A2B9C2662881F68B00506E32 /* Resources */,
			);
			buildRules = (
			);
			dependencies = (
			);
			name = "Daisy (iOS)";
			packageProductDependencies = (
				A2B9C2802881FA1500506E32 /* ComposableArchitecture */,
				A2A3681728F79FB000C2AD02 /* SymbolPicker */,
			);
			productName = "Daisy (iOS)";
			productReference = A2B9C2682881F68B00506E32 /* Daisy.app */;
			productType = "com.apple.product-type.application";
		};
/* End PBXNativeTarget section */

/* Begin PBXProject section */
		A2B9C25C2881F68A00506E32 /* Project object */ = {
			isa = PBXProject;
			attributes = {
				BuildIndependentTargetsInParallel = 1;
				LastSwiftUpdateCheck = 1340;
				LastUpgradeCheck = 1340;
				TargetAttributes = {
					A2B9C2672881F68B00506E32 = {
						CreatedOnToolsVersion = 13.4.1;
					};
				};
			};
			buildConfigurationList = A2B9C25F2881F68A00506E32 /* Build configuration list for PBXProject "Daisy" */;
			compatibilityVersion = "Xcode 13.0";
			developmentRegion = en;
			hasScannedForEncodings = 0;
			knownRegions = (
				en,
				Base,
			);
			mainGroup = A2B9C25B2881F68A00506E32;
			packageReferences = (
				A2B9C27F2881FA1500506E32 /* XCRemoteSwiftPackageReference "swift-composable-architecture" */,
				A2A3681628F79FB000C2AD02 /* XCRemoteSwiftPackageReference "SymbolPicker" */,
			);
			productRefGroup = A2B9C2692881F68B00506E32 /* Products */;
			projectDirPath = "";
			projectRoot = "";
			targets = (
				A2B9C2672881F68B00506E32 /* Daisy (iOS) */,
			);
		};
/* End PBXProject section */

/* Begin PBXResourcesBuildPhase section */
		A2B9C2662881F68B00506E32 /* Resources */ = {
			isa = PBXResourcesBuildPhase;
			buildActionMask = 2147483647;
			files = (
				A2B9C2752881F68B00506E32 /* Assets.xcassets in Resources */,
			);
			runOnlyForDeploymentPostprocessing = 0;
		};
/* End PBXResourcesBuildPhase section */

/* Begin PBXSourcesBuildPhase section */
		A2B9C2642881F68B00506E32 /* Sources */ = {
			isa = PBXSourcesBuildPhase;
			buildActionMask = 2147483647;
			files = (
				A22ED90C2953F2950088D4C2 /* Color+Hex.swift in Sources */,
				A236EB3C28FB5CC30033858B /* EditDaisyView.swift in Sources */,
				A26D951829C0118B00E518FD /* Daisy+Preview.swift in Sources */,
				A204E0DC29807BD100D48488 /* TimeDetailView.swift in Sources */,
				A26D951629C0100800E518FD /* Image+Data.swift in Sources */,
				A26D951429C009C100E518FD /* ImageGeneratorView.swift in Sources */,
				A247732C29C3BD1E009D0431 /* APIKey.swift in Sources */,
				A2B9C2732881F68B00506E32 /* ListView.swift in Sources */,
				A247732629C3A0AE009D0431 /* View+Animation.swift in Sources */,
				A22ED9092953F1950088D4C2 /* Source.swift in Sources */,
				A26D951B29C0B69F00E518FD /* ImageGenerationClient.swift in Sources */,
				A2B9C2712881F68B00506E32 /* DaisyApp.swift in Sources */,
				A24795E5294C253B002F791C /* DaisyIcon.swift in Sources */,
				A2A3681A28F7A28B00C2AD02 /* View+If.swift in Sources */,
				A25E1001291C48BF00439BF4 /* PaddingModifier.swift in Sources */,
				A247732829C3AC89009D0431 /* DaisySpinner.swift in Sources */,
				A2DBF8B22968D01F00818E55 /* DaisyCapsuleModifier.swift in Sources */,
				A247732A29C3B43A009D0431 /* Color+Luminance.swift in Sources */,
				A24795DF294BFD39002F791C /* PetalView.swift in Sources */,
				A212D51B289411F6006A7E38 /* DaisyView.swift in Sources */,
				A216C69D29C8F2A400EF1B28 /* URLRequest+ImageGeneration.swift in Sources */,
				A2EA926828F0B3D8002BA01E /* Date+Helpers.swift in Sources */,
				A22ED8FE2953A86E0088D4C2 /* DaisyButtonStyle.swift in Sources */,
			);
			runOnlyForDeploymentPostprocessing = 0;
		};
/* End PBXSourcesBuildPhase section */

/* Begin XCBuildConfiguration section */
		A2B9C2772881F68B00506E32 /* Debug */ = {
			isa = XCBuildConfiguration;
			buildSettings = {
				ALWAYS_SEARCH_USER_PATHS = NO;
				CLANG_ANALYZER_NONNULL = YES;
				CLANG_ANALYZER_NUMBER_OBJECT_CONVERSION = YES_AGGRESSIVE;
				CLANG_CXX_LANGUAGE_STANDARD = "gnu++17";
				CLANG_ENABLE_MODULES = YES;
				CLANG_ENABLE_OBJC_ARC = YES;
				CLANG_ENABLE_OBJC_WEAK = YES;
				CLANG_WARN_BLOCK_CAPTURE_AUTORELEASING = YES;
				CLANG_WARN_BOOL_CONVERSION = YES;
				CLANG_WARN_COMMA = YES;
				CLANG_WARN_CONSTANT_CONVERSION = YES;
				CLANG_WARN_DEPRECATED_OBJC_IMPLEMENTATIONS = YES;
				CLANG_WARN_DIRECT_OBJC_ISA_USAGE = YES_ERROR;
				CLANG_WARN_DOCUMENTATION_COMMENTS = YES;
				CLANG_WARN_EMPTY_BODY = YES;
				CLANG_WARN_ENUM_CONVERSION = YES;
				CLANG_WARN_INFINITE_RECURSION = YES;
				CLANG_WARN_INT_CONVERSION = YES;
				CLANG_WARN_NON_LITERAL_NULL_CONVERSION = YES;
				CLANG_WARN_OBJC_IMPLICIT_RETAIN_SELF = YES;
				CLANG_WARN_OBJC_LITERAL_CONVERSION = YES;
				CLANG_WARN_OBJC_ROOT_CLASS = YES_ERROR;
				CLANG_WARN_QUOTED_INCLUDE_IN_FRAMEWORK_HEADER = YES;
				CLANG_WARN_RANGE_LOOP_ANALYSIS = YES;
				CLANG_WARN_STRICT_PROTOTYPES = YES;
				CLANG_WARN_SUSPICIOUS_MOVE = YES;
				CLANG_WARN_UNGUARDED_AVAILABILITY = YES_AGGRESSIVE;
				CLANG_WARN_UNREACHABLE_CODE = YES;
				CLANG_WARN__DUPLICATE_METHOD_MATCH = YES;
				COPY_PHASE_STRIP = NO;
				DEBUG_INFORMATION_FORMAT = dwarf;
				ENABLE_STRICT_OBJC_MSGSEND = YES;
				ENABLE_TESTABILITY = YES;
				GCC_C_LANGUAGE_STANDARD = gnu11;
				GCC_DYNAMIC_NO_PIC = NO;
				GCC_NO_COMMON_BLOCKS = YES;
				GCC_OPTIMIZATION_LEVEL = 0;
				GCC_PREPROCESSOR_DEFINITIONS = (
					"DEBUG=1",
					"$(inherited)",
				);
				GCC_WARN_64_TO_32_BIT_CONVERSION = YES;
				GCC_WARN_ABOUT_RETURN_TYPE = YES_ERROR;
				GCC_WARN_UNDECLARED_SELECTOR = YES;
				GCC_WARN_UNINITIALIZED_AUTOS = YES_AGGRESSIVE;
				GCC_WARN_UNUSED_FUNCTION = YES;
				GCC_WARN_UNUSED_VARIABLE = YES;
				MTL_ENABLE_DEBUG_INFO = INCLUDE_SOURCE;
				MTL_FAST_MATH = YES;
				ONLY_ACTIVE_ARCH = YES;
				SWIFT_ACTIVE_COMPILATION_CONDITIONS = DEBUG;
				SWIFT_OPTIMIZATION_LEVEL = "-Onone";
			};
			name = Debug;
		};
		A2B9C2782881F68B00506E32 /* Release */ = {
			isa = XCBuildConfiguration;
			buildSettings = {
				ALWAYS_SEARCH_USER_PATHS = NO;
				CLANG_ANALYZER_NONNULL = YES;
				CLANG_ANALYZER_NUMBER_OBJECT_CONVERSION = YES_AGGRESSIVE;
				CLANG_CXX_LANGUAGE_STANDARD = "gnu++17";
				CLANG_ENABLE_MODULES = YES;
				CLANG_ENABLE_OBJC_ARC = YES;
				CLANG_ENABLE_OBJC_WEAK = YES;
				CLANG_WARN_BLOCK_CAPTURE_AUTORELEASING = YES;
				CLANG_WARN_BOOL_CONVERSION = YES;
				CLANG_WARN_COMMA = YES;
				CLANG_WARN_CONSTANT_CONVERSION = YES;
				CLANG_WARN_DEPRECATED_OBJC_IMPLEMENTATIONS = YES;
				CLANG_WARN_DIRECT_OBJC_ISA_USAGE = YES_ERROR;
				CLANG_WARN_DOCUMENTATION_COMMENTS = YES;
				CLANG_WARN_EMPTY_BODY = YES;
				CLANG_WARN_ENUM_CONVERSION = YES;
				CLANG_WARN_INFINITE_RECURSION = YES;
				CLANG_WARN_INT_CONVERSION = YES;
				CLANG_WARN_NON_LITERAL_NULL_CONVERSION = YES;
				CLANG_WARN_OBJC_IMPLICIT_RETAIN_SELF = YES;
				CLANG_WARN_OBJC_LITERAL_CONVERSION = YES;
				CLANG_WARN_OBJC_ROOT_CLASS = YES_ERROR;
				CLANG_WARN_QUOTED_INCLUDE_IN_FRAMEWORK_HEADER = YES;
				CLANG_WARN_RANGE_LOOP_ANALYSIS = YES;
				CLANG_WARN_STRICT_PROTOTYPES = YES;
				CLANG_WARN_SUSPICIOUS_MOVE = YES;
				CLANG_WARN_UNGUARDED_AVAILABILITY = YES_AGGRESSIVE;
				CLANG_WARN_UNREACHABLE_CODE = YES;
				CLANG_WARN__DUPLICATE_METHOD_MATCH = YES;
				COPY_PHASE_STRIP = NO;
				DEBUG_INFORMATION_FORMAT = "dwarf-with-dsym";
				ENABLE_NS_ASSERTIONS = NO;
				ENABLE_STRICT_OBJC_MSGSEND = YES;
				GCC_C_LANGUAGE_STANDARD = gnu11;
				GCC_NO_COMMON_BLOCKS = YES;
				GCC_WARN_64_TO_32_BIT_CONVERSION = YES;
				GCC_WARN_ABOUT_RETURN_TYPE = YES_ERROR;
				GCC_WARN_UNDECLARED_SELECTOR = YES;
				GCC_WARN_UNINITIALIZED_AUTOS = YES_AGGRESSIVE;
				GCC_WARN_UNUSED_FUNCTION = YES;
				GCC_WARN_UNUSED_VARIABLE = YES;
				MTL_ENABLE_DEBUG_INFO = NO;
				MTL_FAST_MATH = YES;
				SWIFT_COMPILATION_MODE = wholemodule;
				SWIFT_OPTIMIZATION_LEVEL = "-O";
			};
			name = Release;
		};
		A2B9C27A2881F68B00506E32 /* Debug */ = {
			isa = XCBuildConfiguration;
			buildSettings = {
				ASSETCATALOG_COMPILER_APPICON_NAME = AppIcon;
				ASSETCATALOG_COMPILER_GLOBAL_ACCENT_COLOR_NAME = AccentColor;
				CODE_SIGN_IDENTITY = "Apple Development";
				CODE_SIGN_STYLE = Automatic;
				CURRENT_PROJECT_VERSION = 2;
				DEVELOPMENT_TEAM = 9HM5LLY46P;
				ENABLE_PREVIEWS = YES;
				GENERATE_INFOPLIST_FILE = YES;
				INFOPLIST_KEY_CFBundleDisplayName = Daisy;
				INFOPLIST_KEY_LSApplicationCategoryType = "public.app-category.productivity";
				INFOPLIST_KEY_UIApplicationSceneManifest_Generation = YES;
				INFOPLIST_KEY_UIApplicationSupportsIndirectInputEvents = YES;
				INFOPLIST_KEY_UILaunchScreen_Generation = YES;
				INFOPLIST_KEY_UISupportedInterfaceOrientations = UIInterfaceOrientationPortrait;
				INFOPLIST_KEY_UISupportedInterfaceOrientations_iPad = "UIInterfaceOrientationLandscapeLeft UIInterfaceOrientationLandscapeRight UIInterfaceOrientationPortrait UIInterfaceOrientationPortraitUpsideDown";
				IPHONEOS_DEPLOYMENT_TARGET = 16.0;
				LD_RUNPATH_SEARCH_PATHS = (
					"$(inherited)",
					"@executable_path/Frameworks",
				);
				MARKETING_VERSION = 1.1;
				PRODUCT_BUNDLE_IDENTIFIER = com.civilis.Daisy;
				PRODUCT_NAME = Daisy;
				PROVISIONING_PROFILE_SPECIFIER = "";
				SDKROOT = iphoneos;
				SWIFT_EMIT_LOC_STRINGS = YES;
				SWIFT_VERSION = 5.0;
				TARGETED_DEVICE_FAMILY = "1,2";
			};
			name = Debug;
		};
		A2B9C27B2881F68B00506E32 /* Release */ = {
			isa = XCBuildConfiguration;
			buildSettings = {
				ASSETCATALOG_COMPILER_APPICON_NAME = AppIcon;
				ASSETCATALOG_COMPILER_GLOBAL_ACCENT_COLOR_NAME = AccentColor;
				CODE_SIGN_IDENTITY = "Apple Development";
				CODE_SIGN_STYLE = Automatic;
				CURRENT_PROJECT_VERSION = 2;
				DEVELOPMENT_TEAM = 9HM5LLY46P;
				ENABLE_PREVIEWS = YES;
				GENERATE_INFOPLIST_FILE = YES;
				INFOPLIST_KEY_CFBundleDisplayName = Daisy;
				INFOPLIST_KEY_LSApplicationCategoryType = "public.app-category.productivity";
				INFOPLIST_KEY_UIApplicationSceneManifest_Generation = YES;
				INFOPLIST_KEY_UIApplicationSupportsIndirectInputEvents = YES;
				INFOPLIST_KEY_UILaunchScreen_Generation = YES;
				INFOPLIST_KEY_UISupportedInterfaceOrientations = UIInterfaceOrientationPortrait;
				INFOPLIST_KEY_UISupportedInterfaceOrientations_iPad = "UIInterfaceOrientationLandscapeLeft UIInterfaceOrientationLandscapeRight UIInterfaceOrientationPortrait UIInterfaceOrientationPortraitUpsideDown";
				IPHONEOS_DEPLOYMENT_TARGET = 16.0;
				LD_RUNPATH_SEARCH_PATHS = (
					"$(inherited)",
					"@executable_path/Frameworks",
				);
				MARKETING_VERSION = 1.1;
				PRODUCT_BUNDLE_IDENTIFIER = com.civilis.Daisy;
				PRODUCT_NAME = Daisy;
				PROVISIONING_PROFILE_SPECIFIER = "";
				SDKROOT = iphoneos;
				SWIFT_EMIT_LOC_STRINGS = YES;
				SWIFT_VERSION = 5.0;
				TARGETED_DEVICE_FAMILY = "1,2";
				VALIDATE_PRODUCT = YES;
			};
			name = Release;
		};
/* End XCBuildConfiguration section */

/* Begin XCConfigurationList section */
		A2B9C25F2881F68A00506E32 /* Build configuration list for PBXProject "Daisy" */ = {
			isa = XCConfigurationList;
			buildConfigurations = (
				A2B9C2772881F68B00506E32 /* Debug */,
				A2B9C2782881F68B00506E32 /* Release */,
			);
			defaultConfigurationIsVisible = 0;
			defaultConfigurationName = Release;
		};
		A2B9C2792881F68B00506E32 /* Build configuration list for PBXNativeTarget "Daisy (iOS)" */ = {
			isa = XCConfigurationList;
			buildConfigurations = (
				A2B9C27A2881F68B00506E32 /* Debug */,
				A2B9C27B2881F68B00506E32 /* Release */,
			);
			defaultConfigurationIsVisible = 0;
			defaultConfigurationName = Release;
		};
/* End XCConfigurationList section */

/* Begin XCRemoteSwiftPackageReference section */
		A2A3681628F79FB000C2AD02 /* XCRemoteSwiftPackageReference "SymbolPicker" */ = {
			isa = XCRemoteSwiftPackageReference;
			repositoryURL = "https://github.com/xnth97/SymbolPicker.git";
			requirement = {
				kind = upToNextMajorVersion;
				minimumVersion = 1.0.0;
			};
		};
		A2B9C27F2881FA1500506E32 /* XCRemoteSwiftPackageReference "swift-composable-architecture" */ = {
			isa = XCRemoteSwiftPackageReference;
			repositoryURL = "https://github.com/pointfreeco/swift-composable-architecture";
			requirement = {
				kind = upToNextMajorVersion;
				minimumVersion = 0.9.0;
			};
		};
/* End XCRemoteSwiftPackageReference section */

/* Begin XCSwiftPackageProductDependency section */
		A2A3681728F79FB000C2AD02 /* SymbolPicker */ = {
			isa = XCSwiftPackageProductDependency;
			package = A2A3681628F79FB000C2AD02 /* XCRemoteSwiftPackageReference "SymbolPicker" */;
			productName = SymbolPicker;
		};
		A2B9C2802881FA1500506E32 /* ComposableArchitecture */ = {
			isa = XCSwiftPackageProductDependency;
			package = A2B9C27F2881FA1500506E32 /* XCRemoteSwiftPackageReference "swift-composable-architecture" */;
			productName = ComposableArchitecture;
		};
/* End XCSwiftPackageProductDependency section */
	};
	rootObject = A2B9C25C2881F68A00506E32 /* Project object */;
}
